
Microsoft Visual Studio Solution File, Format Version 12.00
# Visual Studio Version 17
VisualStudioVersion = 17.5.33414.496
MinimumVisualStudioVersion = 10.0.40219.1
Project("{FAE04EC0-301F-11D3-BF4B-00C04F79EFBC}") = "BookClubProject", "BookClubProject\BookClubProject.csproj", "{28DAE2EC-7163-4F63-A6D4-4ED88921171B}"
EndProject
Global
	GlobalSection(SolutionConfigurationPlatforms) = preSolution
		Debug|Any CPU = Debug|Any CPU
		Release|Any CPU = Release|Any CPU
	EndGlobalSection
	GlobalSection(ProjectConfigurationPlatforms) = postSolution
		{28DAE2EC-7163-4F63-A6D4-4ED88921171B}.Debug|Any CPU.ActiveCfg = Debug|Any CPU
		{28DAE2EC-7163-4F63-A6D4-4ED88921171B}.Debug|Any CPU.Build.0 = Debug|Any CPU
		{28DAE2EC-7163-4F63-A6D4-4ED88921171B}.Release|Any CPU.ActiveCfg = Release|Any CPU
		{28DAE2EC-7163-4F63-A6D4-4ED88921171B}.Release|Any CPU.Build.0 = Release|Any CPU
	EndGlobalSection
	GlobalSection(SolutionProperties) = preSolution
		HideSolutionNode = FALSE
	EndGlobalSection
	GlobalSection(ExtensibilityGlobals) = postSolution
		SolutionGuid = {A1779272-C63B-4048-835C-B6C73EEC5B18}
	EndGlobalSection
EndGlobal
